{
  "name": "get-package-json",
  "version": "1.0.0",
  "lockfileVersion": 3,
  "requires": true,
  "packages": {
    "": {
      "name": "get-package-json",
      "version": "1.0.0",
      "license": "ISC",
      "dependencies": {
        "learnjavascript-online-npm": "^1.2.0"
      }
    },
    "node_modules/learnjavascript-online-npm": {
      "version": "1.2.0",
      "resolved": "https://registry.npmjs.org/learnjavascript-online-npm/-/learnjavascript-online-npm-1.2.0.tgz",
      "integrity": "sha512-WpAOGnzUyDeeJpigzPmd1Z5y4EtaTGSoiMkv3q3AyWQ6tc2dBjz/v+efeTCeWNhIWr54rGYnza7kn/XDPnksDQ==",
      "bin": {
        "learnjavascript-online-npm": "index.js"
      }
    }
  }
}
